// !$*UTF8*$!
{
	archiveVersion = 1;
	classes = {
	};
	objectVersion = 77;
	objects = {

/* Begin PBXContainerItemProxy section */
		DB0869C42F4D5CBB00A3E18B /* PBXContainerItemProxy */ = {
			isa = PBXContainerItemProxy;
			containerPortal = DB0869AC2F4D5CB900A3E18B /* Project object */;
			proxyType = 1;
			remoteGlobalIDString = DB0869B32F4D5CB900A3E18B;
			remoteInfo = AgentOS;
		};
		DB0869CE2F4D5CBB00A3E18B /* PBXContainerItemProxy */ = {
			isa = PBXContainerItemProxy;
			containerPortal = DB0869AC2F4D5CB900A3E18B /* Project object */;
			proxyType = 1;
			remoteGlobalIDString = DB0869B32F4D5CB900A3E18B;
			remoteInfo = AgentOS;
		};
/* End PBXContainerItemProxy section */

/* Begin PBXFileReference section */
		DB0869B42F4D5CB900A3E18B /* AgentOS.app */ = {isa = PBXFileReference; explicitFileType = wrapper.application; includeInIndex = 0; path = AgentOS.app; sourceTree = BUILT_PRODUCTS_DIR; };
		DB0869C32F4D5CBB00A3E18B /* AgentOSTests.xctest */ = {isa = PBXFileReference; explicitFileType = wrapper.cfbundle; includeInIndex = 0; path = AgentOSTests.xctest; sourceTree = BUILT_PRODUCTS_DIR; };
		DB0869CD2F4D5CBB00A3E18B /* AgentOSUITests.xctest */ = {isa = PBXFileReference; explicitFileType = wrapper.cfbundle; includeInIndex = 0; path = AgentOSUITests.xctest; sourceTree = BUILT_PRODUCTS_DIR; };
/* End PBXFileReference section */

/* Begin PBXFileSystemSynchronizedRootGroup section */
		DB0869B62F4D5CB900A3E18B /* AgentOS */ = {
			isa = PBXFileSystemSynchronizedRootGroup;
			path = AgentOS;
			sourceTree = "<group>";
		};
		DB0869C62F4D5CBB00A3E18B /* AgentOSTests */ = {
			isa = PBXFileSystemSynchronizedRootGroup;
			path = AgentOSTests;
			sourceTree = "<group>";
		};
		DB0869D02F4D5CBB00A3E18B /* AgentOSUITests */ = {
			isa = PBXFileSystemSynchronizedRootGroup;
			path = AgentOSUITests;
			sourceTree = "<group>";
		};
/* End PBXFileSystemSynchronizedRootGroup section */

/* Begin PBXFrameworksBuildPhase section */
		DB0869B12F4D5CB900A3E18B /* Frameworks */ = {
			isa = PBXFrameworksBuildPhase;
			buildActionMask = 2147483647;
			files = (
			);
			runOnlyForDeploymentPostprocessing = 0;
		};
		DB0869C02F4D5CBB00A3E18B /* Frameworks */ = {
			isa = PBXFrameworksBuildPhase;
			buildActionMask = 2147483647;
			files = (
			);
			runOnlyForDeploymentPostprocessing = 0;
		};
		DB0869CA2F4D5CBB00A3E18B /* Frameworks */ = {
			isa = PBXFrameworksBuildPhase;
			buildActionMask = 2147483647;
			files = (
			);
			runOnlyForDeploymentPostprocessing = 0;
		};
/* End PBXFrameworksBuildPhase section */

/* Begin PBXGroup section */
		DB0869AB2F4D5CB900A3E18B = {
			isa = PBXGroup;
			children = (
				DB0869B62F4D5CB900A3E18B /* AgentOS */,
				DB0869C62F4D5CBB00A3E18B /* AgentOSTests */,
				DB0869D02F4D5CBB00A3E18B /* AgentOSUITests */,
				DB0869B52F4D5CB900A3E18B /* Products */,
			);
			sourceTree = "<group>";
		};
		DB0869B52F4D5CB900A3E18B /* Products */ = {
			isa = PBXGroup;
			children = (
				DB0869B42F4D5CB900A3E18B /* AgentOS.app */,
				DB0869C32F4D5CBB00A3E18B /* AgentOSTests.xctest */,
				DB0869CD2F4D5CBB00A3E18B /* AgentOSUITests.xctest */,
			);
			name = Products;
			sourceTree = "<group>";
		};
/* End PBXGroup section */

/* Begin PBXNativeTarget section */
		DB0869B32F4D5CB900A3E18B /* AgentOS */ = {
			isa = PBXNativeTarget;
			buildConfigurationList = DB0869D72F4D5CBB00A3E18B /* Build configuration list for PBXNativeTarget "AgentOS" */;
			buildPhases = (
				DB0869B02F4D5CB900A3E18B /* Sources */,
				DB0869B12F4D5CB900A3E18B /* Frameworks */,
				DB0869B22F4D5CB900A3E18B /* Resources */,
			);
			buildRules = (
			);
			dependencies = (
			);
			fileSystemSynchronizedGroups = (
				DB0869B62F4D5CB900A3E18B /* AgentOS */,
			);
			name = AgentOS;
			packageProductDependencies = (
			);
			productName = AgentOS;
			productReference = DB0869B42F4D5CB900A3E18B /* AgentOS.app */;
			productType = "com.apple.product-type.application";
		};
		DB0869C22F4D5CBB00A3E18B /* AgentOSTests */ = {
			isa = PBXNativeTarget;
			buildConfigurationList = DB0869DA2F4D5CBB00A3E18B /* Build configuration list for PBXNativeTarget "AgentOSTests" */;
			buildPhases = (
				DB0869BF2F4D5CBB00A3E18B /* Sources */,
				DB0869C02F4D5CBB00A3E18B /* Frameworks */,
				DB0869C12F4D5CBB00A3E18B /* Resources */,
			);
			buildRules = (
			);
			dependencies = (
				DB0869C52F4D5CBB00A3E18B /* PBXTargetDependency */,
			);
			fileSystemSynchronizedGroups = (
				DB0869C62F4D5CBB00A3E18B /* AgentOSTests */,
			);
			name = AgentOSTests;
			packageProductDependencies = (
			);
			productName = AgentOSTests;
			productReference = DB0869C32F4D5CBB00A3E18B /* AgentOSTests.xctest */;
			productType = "com.apple.product-type.bundle.unit-test";
		};
		DB0869CC2F4D5CBB00A3E18B /* AgentOSUITests */ = {
			isa = PBXNativeTarget;
			buildConfigurationList = DB0869DD2F4D5CBB00A3E18B /* Build configuration list for PBXNativeTarget "AgentOSUITests" */;
			buildPhases = (
				DB0869C92F4D5CBB00A3E18B /* Sources */,
				DB0869CA2F4D5CBB00A3E18B /* Frameworks */,
				DB0869CB2F4D5CBB00A3E18B /* Resources */,
			);
			buildRules = (
			);
			dependencies = (
				DB0869CF2F4D5CBB00A3E18B /* PBXTargetDependency */,
			);
			fileSystemSynchronizedGroups = (
				DB0869D02F4D5CBB00A3E18B /* AgentOSUITests */,
			);
			name = AgentOSUITests;
			packageProductDependencies = (
			);
			productName = AgentOSUITests;
			productReference = DB0869CD2F4D5CBB00A3E18B /* AgentOSUITests.xctest */;
			productType = "com.apple.product-type.bundle.ui-testing";
		};
/* End PBXNativeTarget section */

/* Begin PBXProject section */
		DB0869AC2F4D5CB900A3E18B /* Project object */ = {
			isa = PBXProject;
			attributes = {
				BuildIndependentTargetsInParallel = 1;
				LastSwiftUpdateCheck = 2620;
				LastUpgradeCheck = 2620;
				TargetAttributes = {
					DB0869B32F4D5CB900A3E18B = {
						CreatedOnToolsVersion = 26.2;
					};
					DB0869C22F4D5CBB00A3E18B = {
						CreatedOnToolsVersion = 26.2;
						TestTargetID = DB0869B32F4D5CB900A3E18B;
					};
					DB0869CC2F4D5CBB00A3E18B = {
						CreatedOnToolsVersion = 26.2;
						TestTargetID = DB0869B32F4D5CB900A3E18B;
					};
				};
			};
			buildConfigurationList = DB0869AF2F4D5CB900A3E18B /* Build configuration list for PBXProject "AgentOS" */;
			developmentRegion = en;
			hasScannedForEncodings = 0;
			knownRegions = (
				en,
				Base,
			);
			mainGroup = DB0869AB2F4D5CB900A3E18B;
			minimizedProjectReferenceProxies = 1;
			preferredProjectObjectVersion = 77;
			productRefGroup = DB0869B52F4D5CB900A3E18B /* Products */;
			projectDirPath = "";
			projectRoot = "";
			targets = (
				DB0869B32F4D5CB900A3E18B /* AgentOS */,
				DB0869C22F4D5CBB00A3E18B /* AgentOSTests */,
				DB0869CC2F4D5CBB00A3E18B /* AgentOSUITests */,
			);
		};
/* End PBXProject section */

/* Begin PBXResourcesBuildPhase section */
		DB0869B22F4D5CB900A3E18B /* Resources */ = {
			isa = PBXResourcesBuildPhase;
			buildActionMask = 2147483647;
			files = (
			);
			runOnlyForDeploymentPostprocessing = 0;
		};
		DB0869C12F4D5CBB00A3E18B /* Resources */ = {
			isa = PBXResourcesBuildPhase;
			buildActionMask = 2147483647;
			files = (
			);
			runOnlyForDeploymentPostprocessing = 0;
		};
		DB0869CB2F4D5CBB00A3E18B /* Resources */ = {
			isa = PBXResourcesBuildPhase;
			buildActionMask = 2147483647;
			files = (
			);
			runOnlyForDeploymentPostprocessing = 0;
		};
/* End PBXResourcesBuildPhase section */

/* Begin PBXSourcesBuildPhase section */
		DB0869B02F4D5CB900A3E18B /* Sources */ = {
			isa = PBXSourcesBuildPhase;
			buildActionMask = 2147483647;
			files = (
			);
			runOnlyForDeploymentPostprocessing = 0;
		};
		DB0869BF2F4D5CBB00A3E18B /* Sources */ = {
			isa = PBXSourcesBuildPhase;
			buildActionMask = 2147483647;
			files = (
			);
			runOnlyForDeploymentPostprocessing = 0;
		};
		DB0869C92F4D5CBB00A3E18B /* Sources */ = {
			isa = PBXSourcesBuildPhase;
			buildActionMask = 2147483647;
			files = (
			);
			runOnlyForDeploymentPostprocessing = 0;
		};
/* End PBXSourcesBuildPhase section */

/* Begin PBXTargetDependency section */
		DB0869C52F4D5CBB00A3E18B /* PBXTargetDependency */ = {
			isa = PBXTargetDependency;
			target = DB0869B32F4D5CB900A3E18B /* AgentOS */;
			targetProxy = DB0869C42F4D5CBB00A3E18B /* PBXContainerItemProxy */;
		};
		DB0869CF2F4D5CBB00A3E18B /* PBXTargetDependency */ = {
			isa = PBXTargetDependency;
			target = DB0869B32F4D5CB900A3E18B /* AgentOS */;
			targetProxy = DB0869CE2F4D5CBB00A3E18B /* PBXContainerItemProxy */;
		};
/* End PBXTargetDependency section */

/* Begin XCBuildConfiguration section */
		DB0869D52F4D5CBB00A3E18B /* Debug */ = {
			isa = XCBuildConfiguration;
			buildSettings = {
				ALWAYS_SEARCH_USER_PATHS = NO;
				ASSETCATALOG_COMPILER_GENERATE_SWIFT_ASSET_SYMBOL_EXTENSIONS = YES;
				CLANG_ANALYZER_NONNULL = YES;
				CLANG_ANALYZER_NUMBER_OBJECT_CONVERSION = YES_AGGRESSIVE;
				CLANG_CXX_LANGUAGE_STANDARD = "gnu++20";
				CLANG_ENABLE_MODULES = YES;
				CLANG_ENABLE_OBJC_ARC = YES;
				CLANG_ENABLE_OBJC_WEAK = YES;
				CLANG_WARN_BLOCK_CAPTURE_AUTORELEASING = YES;
				CLANG_WARN_BOOL_CONVERSION = YES;
				CLANG_WARN_COMMA = YES;
				CLANG_WARN_CONSTANT_CONVERSION = YES;
				CLANG_WARN_DEPRECATED_OBJC_IMPLEMENTATIONS = YES;
				CLANG_WARN_DIRECT_OBJC_ISA_USAGE = YES_ERROR;
				CLANG_WARN_DOCUMENTATION_COMMENTS = YES;
				CLANG_WARN_EMPTY_BODY = YES;
				CLANG_WARN_ENUM_CONVERSION = YES;
				CLANG_WARN_INFINITE_RECURSION = YES;
				CLANG_WARN_INT_CONVERSION = YES;
				CLANG_WARN_NON_LITERAL_NULL_CONVERSION = YES;
				CLANG_WARN_OBJC_IMPLICIT_RETAIN_SELF = YES;
				CLANG_WARN_OBJC_LITERAL_CONVERSION = YES;
				CLANG_WARN_OBJC_ROOT_CLASS = YES_ERROR;
				CLANG_WARN_QUOTED_INCLUDE_IN_FRAMEWORK_HEADER = YES;
				CLANG_WARN_RANGE_LOOP_ANALYSIS = YES;
				CLANG_WARN_STRICT_PROTOTYPES = YES;
				CLANG_WARN_SUSPICIOUS_MOVE = YES;
				CLANG_WARN_UNGUARDED_AVAILABILITY = YES_AGGRESSIVE;
				CLANG_WARN_UNREACHABLE_CODE = YES;
				CLANG_WARN__DUPLICATE_METHOD_MATCH = YES;
				COPY_PHASE_STRIP = NO;
				DEBUG_INFORMATION_FORMAT = dwarf;
				DEVELOPMENT_TEAM = PFZC7ULP8P;
				ENABLE_STRICT_OBJC_MSGSEND = YES;
				ENABLE_TESTABILITY = YES;
				ENABLE_USER_SCRIPT_SANDBOXING = YES;
				GCC_C_LANGUAGE_STANDARD = gnu17;
				GCC_DYNAMIC_NO_PIC = NO;
				GCC_NO_COMMON_BLOCKS = YES;
				GCC_OPTIMIZATION_LEVEL = 0;
				GCC_PREPROCESSOR_DEFINITIONS = (
					"DEBUG=1",
					"$(inherited)",
				);
				GCC_WARN_64_TO_32_BIT_CONVERSION = YES;
				GCC_WARN_ABOUT_RETURN_TYPE = YES_ERROR;
				GCC_WARN_UNDECLARED_SELECTOR = YES;
				GCC_WARN_UNINITIALIZED_AUTOS = YES_AGGRESSIVE;
				GCC_WARN_UNUSED_FUNCTION = YES;
				GCC_WARN_UNUSED_VARIABLE = YES;
				LOCALIZATION_PREFERS_STRING_CATALOGS = YES;
				MACOSX_DEPLOYMENT_TARGET = 26.2;
				MTL_ENABLE_DEBUG_INFO = INCLUDE_SOURCE;
				MTL_FAST_MATH = YES;
				ONLY_ACTIVE_ARCH = YES;
				SDKROOT = macosx;
				SWIFT_ACTIVE_COMPILATION_CONDITIONS = "DEBUG $(inherited)";
				SWIFT_OPTIMIZATION_LEVEL = "-Onone";
			};
			name = Debug;
		};
		DB0869D62F4D5CBB00A3E18B /* Release */ = {
			isa = XCBuildConfiguration;
			buildSettings = {
				ALWAYS_SEARCH_USER_PATHS = NO;
				ASSETCATALOG_COMPILER_GENERATE_SWIFT_ASSET_SYMBOL_EXTENSIONS = YES;
				CLANG_ANALYZER_NONNULL = YES;
				CLANG_ANALYZER_NUMBER_OBJECT_CONVERSION = YES_AGGRESSIVE;
				CLANG_CXX_LANGUAGE_STANDARD = "gnu++20";
				CLANG_ENABLE_MODULES = YES;
				CLANG_ENABLE_OBJC_ARC = YES;
				CLANG_ENABLE_OBJC_WEAK = YES;
				CLANG_WARN_BLOCK_CAPTURE_AUTORELEASING = YES;
				CLANG_WARN_BOOL_CONVERSION = YES;
				CLANG_WARN_COMMA = YES;
				CLANG_WARN_CONSTANT_CONVERSION = YES;
				CLANG_WARN_DEPRECATED_OBJC_IMPLEMENTATIONS = YES;
				CLANG_WARN_DIRECT_OBJC_ISA_USAGE = YES_ERROR;
				CLANG_WARN_DOCUMENTATION_COMMENTS = YES;
				CLANG_WARN_EMPTY_BODY = YES;
				CLANG_WARN_ENUM_CONVERSION = YES;
				CLANG_WARN_INFINITE_RECURSION = YES;
				CLANG_WARN_INT_CONVERSION = YES;
				CLANG_WARN_NON_LITERAL_NULL_CONVERSION = YES;
				CLANG_WARN_OBJC_IMPLICIT_RETAIN_SELF = YES;
				CLANG_WARN_OBJC_LITERAL_CONVERSION = YES;
				CLANG_WARN_OBJC_ROOT_CLASS = YES_ERROR;
				CLANG_WARN_QUOTED_INCLUDE_IN_FRAMEWORK_HEADER = YES;
				CLANG_WARN_RANGE_LOOP_ANALYSIS = YES;
				CLANG_WARN_STRICT_PROTOTYPES = YES;
				CLANG_WARN_SUSPICIOUS_MOVE = YES;
				CLANG_WARN_UNGUARDED_AVAILABILITY = YES_AGGRESSIVE;
				CLANG_WARN_UNREACHABLE_CODE = YES;
				CLANG_WARN__DUPLICATE_METHOD_MATCH = YES;
				COPY_PHASE_STRIP = NO;
				DEBUG_INFORMATION_FORMAT = "dwarf-with-dsym";
				DEVELOPMENT_TEAM = PFZC7ULP8P;
				ENABLE_NS_ASSERTIONS = NO;
				ENABLE_STRICT_OBJC_MSGSEND = YES;
				ENABLE_USER_SCRIPT_SANDBOXING = YES;
				GCC_C_LANGUAGE_STANDARD = gnu17;
				GCC_NO_COMMON_BLOCKS = YES;
				GCC_WARN_64_TO_32_BIT_CONVERSION = YES;
				GCC_WARN_ABOUT_RETURN_TYPE = YES_ERROR;
				GCC_WARN_UNDECLARED_SELECTOR = YES;
				GCC_WARN_UNINITIALIZED_AUTOS = YES_AGGRESSIVE;
				GCC_WARN_UNUSED_FUNCTION = YES;
				GCC_WARN_UNUSED_VARIABLE = YES;
				LOCALIZATION_PREFERS_STRING_CATALOGS = YES;
				MACOSX_DEPLOYMENT_TARGET = 26.2;
				MTL_ENABLE_DEBUG_INFO = NO;
				MTL_FAST_MATH = YES;
				SDKROOT = macosx;
				SWIFT_COMPILATION_MODE = wholemodule;
			};
			name = Release;
		};
		DB0869D82F4D5CBB00A3E18B /* Debug */ = {
			isa = XCBuildConfiguration;
			buildSettings = {
				ASSETCATALOG_COMPILER_APPICON_NAME = AppIcon;
				ASSETCATALOG_COMPILER_GLOBAL_ACCENT_COLOR_NAME = AccentColor;
				CODE_SIGN_ENTITLEMENTS = AgentOS/AgentOS.entitlements;
				CODE_SIGN_STYLE = Automatic;
				COMBINE_HIDPI_IMAGES = YES;
				CURRENT_PROJECT_VERSION = 1;
				DEVELOPMENT_TEAM = PFZC7ULP8P;
				ENABLE_APP_SANDBOX = YES;
				ENABLE_HARDENED_RUNTIME = YES;
				ENABLE_PREVIEWS = YES;
				ENABLE_USER_SELECTED_FILES = readonly;
				GENERATE_INFOPLIST_FILE = NO;
				INFOPLIST_FILE = Info.plist;
				LD_RUNPATH_SEARCH_PATHS = (
					"$(inherited)",
					"@executable_path/../Frameworks",
				);
				MARKETING_VERSION = 1.0;
				PRODUCT_BUNDLE_IDENTIFIER = com.thomaschiu.developer.AgentOS;
				PRODUCT_NAME = "$(TARGET_NAME)";
				REGISTER_APP_GROUPS = YES;
				STRING_CATALOG_GENERATE_SYMBOLS = YES;
				SWIFT_APPROACHABLE_CONCURRENCY = YES;
				SWIFT_DEFAULT_ACTOR_ISOLATION = MainActor;
				SWIFT_EMIT_LOC_STRINGS = YES;
				SWIFT_UPCOMING_FEATURE_MEMBER_IMPORT_VISIBILITY = YES;
				SWIFT_VERSION = 5.0;
			};
			name = Debug;
		};
		DB0869D92F4D5CBB00A3E18B /* Release */ = {
			isa = XCBuildConfiguration;
			buildSettings = {
				ASSETCATALOG_COMPILER_APPICON_NAME = AppIcon;
				ASSETCATALOG_COMPILER_GLOBAL_ACCENT_COLOR_NAME = AccentColor;
				CODE_SIGN_ENTITLEMENTS = AgentOS/AgentOS.entitlements;
				CODE_SIGN_STYLE = Automatic;
				COMBINE_HIDPI_IMAGES = YES;
				CURRENT_PROJECT_VERSION = 1;
				DEVELOPMENT_TEAM = PFZC7ULP8P;
				ENABLE_APP_SANDBOX = YES;
				ENABLE_HARDENED_RUNTIME = YES;
				ENABLE_PREVIEWS = YES;
				ENABLE_USER_SELECTED_FILES = readonly;
				GENERATE_INFOPLIST_FILE = NO;
				INFOPLIST_FILE = Info.plist;
				LD_RUNPATH_SEARCH_PATHS = (
					"$(inherited)",
					"@executable_path/../Frameworks",
				);
				MARKETING_VERSION = 1.0;
				PRODUCT_BUNDLE_IDENTIFIER = com.thomaschiu.developer.AgentOS;
				PRODUCT_NAME = "$(TARGET_NAME)";
				REGISTER_APP_GROUPS = YES;
				STRING_CATALOG_GENERATE_SYMBOLS = YES;
				SWIFT_APPROACHABLE_CONCURRENCY = YES;
				SWIFT_DEFAULT_ACTOR_ISOLATION = MainActor;
				SWIFT_EMIT_LOC_STRINGS = YES;
				SWIFT_UPCOMING_FEATURE_MEMBER_IMPORT_VISIBILITY = YES;
				SWIFT_VERSION = 5.0;
			};
			name = Release;
		};
		DB0869DB2F4D5CBB00A3E18B /* Debug */ = {
			isa = XCBuildConfiguration;
			buildSettings = {
				BUNDLE_LOADER = "$(TEST_HOST)";
				CODE_SIGN_STYLE = Automatic;
				CURRENT_PROJECT_VERSION = 1;
				DEVELOPMENT_TEAM = PFZC7ULP8P;
				GENERATE_INFOPLIST_FILE = YES;
				MACOSX_DEPLOYMENT_TARGET = 26.2;
				MARKETING_VERSION = 1.0;
				PRODUCT_BUNDLE_IDENTIFIER = com.thomaschiu.developer.AgentOSTests;
				PRODUCT_NAME = "$(TARGET_NAME)";
				STRING_CATALOG_GENERATE_SYMBOLS = NO;
				SWIFT_APPROACHABLE_CONCURRENCY = YES;
				SWIFT_EMIT_LOC_STRINGS = NO;
				SWIFT_UPCOMING_FEATURE_MEMBER_IMPORT_VISIBILITY = YES;
				SWIFT_VERSION = 5.0;
				TEST_HOST = "$(BUILT_PRODUCTS_DIR)/AgentOS.app/$(BUNDLE_EXECUTABLE_FOLDER_PATH)/AgentOS";
			};
			name = Debug;
		};
		DB0869DC2F4D5CBB00A3E18B /* Release */ = {
			isa = XCBuildConfiguration;
			buildSettings = {
				BUNDLE_LOADER = "$(TEST_HOST)";
				CODE_SIGN_STYLE = Automatic;
				CURRENT_PROJECT_VERSION = 1;
				DEVELOPMENT_TEAM = PFZC7ULP8P;
				GENERATE_INFOPLIST_FILE = YES;
				MACOSX_DEPLOYMENT_TARGET = 26.2;
				MARKETING_VERSION = 1.0;
				PRODUCT_BUNDLE_IDENTIFIER = com.thomaschiu.developer.AgentOSTests;
				PRODUCT_NAME = "$(TARGET_NAME)";
				STRING_CATALOG_GENERATE_SYMBOLS = NO;
				SWIFT_APPROACHABLE_CONCURRENCY = YES;
				SWIFT_EMIT_LOC_STRINGS = NO;
				SWIFT_UPCOMING_FEATURE_MEMBER_IMPORT_VISIBILITY = YES;
				SWIFT_VERSION = 5.0;
				TEST_HOST = "$(BUILT_PRODUCTS_DIR)/AgentOS.app/$(BUNDLE_EXECUTABLE_FOLDER_PATH)/AgentOS";
			};
			name = Release;
		};
		DB0869DE2F4D5CBB00A3E18B /* Debug */ = {
			isa = XCBuildConfiguration;
			buildSettings = {
				CODE_SIGN_STYLE = Automatic;
				CURRENT_PROJECT_VERSION = 1;
				DEVELOPMENT_TEAM = PFZC7ULP8P;
				GENERATE_INFOPLIST_FILE = YES;
				MARKETING_VERSION = 1.0;
				PRODUCT_BUNDLE_IDENTIFIER = com.thomaschiu.developer.AgentOSUITests;
				PRODUCT_NAME = "$(TARGET_NAME)";
				STRING_CATALOG_GENERATE_SYMBOLS = NO;
				SWIFT_APPROACHABLE_CONCURRENCY = YES;
				SWIFT_EMIT_LOC_STRINGS = NO;
				SWIFT_UPCOMING_FEATURE_MEMBER_IMPORT_VISIBILITY = YES;
				SWIFT_VERSION = 5.0;
				TEST_TARGET_NAME = AgentOS;
			};
			name = Debug;
		};
		DB0869DF2F4D5CBB00A3E18B /* Release */ = {
			isa = XCBuildConfiguration;
			buildSettings = {
				CODE_SIGN_STYLE = Automatic;
				CURRENT_PROJECT_VERSION = 1;
				DEVELOPMENT_TEAM = PFZC7ULP8P;
				GENERATE_INFOPLIST_FILE = YES;
				MARKETING_VERSION = 1.0;
				PRODUCT_BUNDLE_IDENTIFIER = com.thomaschiu.developer.AgentOSUITests;
				PRODUCT_NAME = "$(TARGET_NAME)";
				STRING_CATALOG_GENERATE_SYMBOLS = NO;
				SWIFT_APPROACHABLE_CONCURRENCY = YES;
				SWIFT_EMIT_LOC_STRINGS = NO;
				SWIFT_UPCOMING_FEATURE_MEMBER_IMPORT_VISIBILITY = YES;
				SWIFT_VERSION = 5.0;
				TEST_TARGET_NAME = AgentOS;
			};
			name = Release;
		};
/* End XCBuildConfiguration section */

/* Begin XCConfigurationList section */
		DB0869AF2F4D5CB900A3E18B /* Build configuration list for PBXProject "AgentOS" */ = {
			isa = XCConfigurationList;
			buildConfigurations = (
				DB0869D52F4D5CBB00A3E18B /* Debug */,
				DB0869D62F4D5CBB00A3E18B /* Release */,
			);
			defaultConfigurationIsVisible = 0;
			defaultConfigurationName = Release;
		};
		DB0869D72F4D5CBB00A3E18B /* Build configuration list for PBXNativeTarget "AgentOS" */ = {
			isa = XCConfigurationList;
			buildConfigurations = (
				DB0869D82F4D5CBB00A3E18B /* Debug */,
				DB0869D92F4D5CBB00A3E18B /* Release */,
			);
			defaultConfigurationIsVisible = 0;
			defaultConfigurationName = Release;
		};
		DB0869DA2F4D5CBB00A3E18B /* Build configuration list for PBXNativeTarget "AgentOSTests" */ = {
			isa = XCConfigurationList;
			buildConfigurations = (
				DB0869DB2F4D5CBB00A3E18B /* Debug */,
				DB0869DC2F4D5CBB00A3E18B /* Release */,
			);
			defaultConfigurationIsVisible = 0;
			defaultConfigurationName = Release;
		};
		DB0869DD2F4D5CBB00A3E18B /* Build configuration list for PBXNativeTarget "AgentOSUITests" */ = {
			isa = XCConfigurationList;
			buildConfigurations = (
				DB0869DE2F4D5CBB00A3E18B /* Debug */,
				DB0869DF2F4D5CBB00A3E18B /* Release */,
			);
			defaultConfigurationIsVisible = 0;
			defaultConfigurationName = Release;
		};
/* End XCConfigurationList section */
	};
	rootObject = DB0869AC2F4D5CB900A3E18B /* Project object */;
}
